
Microsoft Visual Studio Solution File, Format Version 12.00
# Visual Studio Version 16
VisualStudioVersion = 16.0.30611.23
MinimumVisualStudioVersion = 10.0.40219.1
Project("{8BC9CEB8-8B4A-11D0-8D11-00A0C91BC942}") = "201273111", "201273111\201273111.vcxproj", "{284315F5-9BCA-4AE7-A60B-946F4E296A59}"
EndProject
Global
	GlobalSection(SolutionConfigurationPlatforms) = preSolution
		Debug|x64 = Debug|x64
		Debug|x86 = Debug|x86
		Release|x64 = Release|x64
		Release|x86 = Release|x86
	EndGlobalSection
	GlobalSection(ProjectConfigurationPlatforms) = postSolution
		{284315F5-9BCA-4AE7-A60B-946F4E296A59}.Debug|x64.ActiveCfg = Debug|x64
		{284315F5-9BCA-4AE7-A60B-946F4E296A59}.Debug|x64.Build.0 = Debug|x64
		{284315F5-9BCA-4AE7-A60B-946F4E296A59}.Debug|x86.ActiveCfg = Debug|Win32
		{284315F5-9BCA-4AE7-A60B-946F4E296A59}.Debug|x86.Build.0 = Debug|Win32
		{284315F5-9BCA-4AE7-A60B-946F4E296A59}.Release|x64.ActiveCfg = Release|x64
		{284315F5-9BCA-4AE7-A60B-946F4E296A59}.Release|x64.Build.0 = Release|x64
		{284315F5-9BCA-4AE7-A60B-946F4E296A59}.Release|x86.ActiveCfg = Release|Win32
		{284315F5-9BCA-4AE7-A60B-946F4E296A59}.Release|x86.Build.0 = Release|Win32
	EndGlobalSection
	GlobalSection(SolutionProperties) = preSolution
		HideSolutionNode = FALSE
	EndGlobalSection
	GlobalSection(ExtensibilityGlobals) = postSolution
		SolutionGuid = {164481FA-57E1-418F-9093-3CE248867498}
	EndGlobalSection
EndGlobal
